<?xml version="1.0" encoding="utf-8"?>
<Project ToolsVersion="16.0" xmlns="http://schemas.microsoft.com/developer/msbuild/2003">
  <ItemGroup>
    <CustomBuild Include="C:\Users\Desert Combat\Desktop\Cmaketests\CMakeFiles\039afc7f5a973185f610d8fa0ae9f1d3\generate.stamp.rule">
      <Filter>CMake Rules</Filter>
    </CustomBuild>
  </ItemGroup>
  <ItemGroup>
    <Filter Include="CMake Rules">
      <UniqueIdentifier>{66FFBE11-F0C6-371B-A485-944C19E5C315}</UniqueIdentifier>
    </Filter>
  </ItemGroup>
</Project>
