<?xml version="1.0" encoding="utf-8"?>
<Project ToolsVersion="16.0" xmlns="http://schemas.microsoft.com/developer/msbuild/2003">
  <ItemGroup>
    <ClCompile Include="C:\Users\Desert Combat\Desktop\Cmaketests\blah\Blah.cpp">
      <Filter>Source Files</Filter>
    </ClCompile>
  </ItemGroup>
  <ItemGroup>
    <CustomBuild Include="C:\Users\Desert Combat\Desktop\Cmaketests\blah\CMakeLists.txt" />
  </ItemGroup>
  <ItemGroup>
    <Filter Include="Source Files">
      <UniqueIdentifier>{95CAD49B-545E-309E-856A-6511E2E1C40D}</UniqueIdentifier>
    </Filter>
  </ItemGroup>
</Project>
